
Microsoft Visual Studio Solution File, Format Version 12.00
# Visual Studio 2012
Project("{2150E333-8FDC-42A3-9474-1A3956D46DE8}") = "01 UiLayer", "01 UiLayer", "{B8BFEF47-E727-4FBE-815F-A75653D77769}"
EndProject
Project("{2150E333-8FDC-42A3-9474-1A3956D46DE8}") = "02 BusinessLayer", "02 BusinessLayer", "{BA9C8FFC-8503-4562-8A0D-B8576E9AB7B1}"
EndProject
Project("{2150E333-8FDC-42A3-9474-1A3956D46DE8}") = "03 DataAccessLayer", "03 DataAccessLayer", "{4AEFF6D7-1AB1-48E7-93B2-E3FB6579DF77}"
EndProject
Project("{2150E333-8FDC-42A3-9474-1A3956D46DE8}") = "04 Infrastructure Layer", "04 Infrastructure Layer", "{7835C84A-B077-4215-B6C9-8D5C4CB40778}"
EndProject
Project("{2150E333-8FDC-42A3-9474-1A3956D46DE8}") = "05 ServiceLayer", "05 ServiceLayer", "{541EE927-9E1E-4853-BB7F-1F1B4458841D}"
EndProject
Project("{2150E333-8FDC-42A3-9474-1A3956D46DE8}") = "06 TestLayer", "06 TestLayer", "{C076B6D8-3774-411F-BC58-97B7AF5A6288}"
EndProject
Project("{2150E333-8FDC-42A3-9474-1A3956D46DE8}") = "07 DBLayer", "07 DBLayer", "{5BA29B5D-4274-4844-BCE6-E29534DC4F88}"
EndProject
Project("{FAE04EC0-301F-11D3-BF4B-00C04F79EFBC}") = "ApiTestConsole", "01 UiLayer\ApiTestConsole\ApiTestConsole.csproj", "{C014856F-781D-48F5-8786-5883E37FF976}"
EndProject
Project("{FAE04EC0-301F-11D3-BF4B-00C04F79EFBC}") = "EngagementsApi", "02 BusinessLayer\EngagementsApi\EngagementsApi.csproj", "{D43AE348-CD69-45F3-9AA5-07E4FA0BB936}"
EndProject
Project("{FAE04EC0-301F-11D3-BF4B-00C04F79EFBC}") = "EngagementsDomain", "02 BusinessLayer\EngagementsDomain\EngagementsDomain.csproj", "{CD02009B-AB42-46F4-97AE-2757DD3F9136}"
EndProject
Project("{FAE04EC0-301F-11D3-BF4B-00C04F79EFBC}") = "EngagementsSharePointDataAccess", "03 DataAccessLayer\EngagementsSharePointDataAccess\EngagementsSharePointDataAccess.csproj", "{A748422C-C404-4827-84BC-CAE9A1471EFD}"
EndProject
Project("{FAE04EC0-301F-11D3-BF4B-00C04F79EFBC}") = "Acme.Core", "..\Acme.Core\Acme.Core\Acme.Core.csproj", "{5A9E55A8-DD15-4532-A292-65098A9789E0}"
EndProject
Project("{FAE04EC0-301F-11D3-BF4B-00C04F79EFBC}") = "Acme.SharePointCore", "..\Acme.Core\Acme.SharePointCore\Acme.SharePointCore.csproj", "{6BBC5E5E-6F86-440D-B4F3-695B26C66989}"
EndProject
Project("{FAE04EC0-301F-11D3-BF4B-00C04F79EFBC}") = "EngagementsTestClient", "01 UiLayer\EngagementsTestClient\EngagementsTestClient.csproj", "{189EFE63-24CA-4325-9E83-F9210DCB197C}"
EndProject
Project("{FAE04EC0-301F-11D3-BF4B-00C04F79EFBC}") = "AcmeCorp.Engagements", "01 UiLayer\AcmeCorp.Engagements\AcmeCorp.Engagements.csproj", "{55846938-90C0-473A-8F5A-C93227B001AD}"
	ProjectSection(ProjectDependencies) = postProject
		{A748422C-C404-4827-84BC-CAE9A1471EFD} = {A748422C-C404-4827-84BC-CAE9A1471EFD}
		{6BBC5E5E-6F86-440D-B4F3-695B26C66989} = {6BBC5E5E-6F86-440D-B4F3-695B26C66989}
		{2DC71467-FC25-4207-9621-2611B18C6326} = {2DC71467-FC25-4207-9621-2611B18C6326}
		{53891775-B486-4A1A-95AC-DB95C2841704} = {53891775-B486-4A1A-95AC-DB95C2841704}
		{CD02009B-AB42-46F4-97AE-2757DD3F9136} = {CD02009B-AB42-46F4-97AE-2757DD3F9136}
	EndProjectSection
EndProject
Project("{00D1A9C2-B5F0-4AF3-8072-F6C62B433612}") = "EngagementsDb", "07 DBLayer\EngagementsDb\EngagementsDb.sqlproj", "{53891775-B486-4A1A-95AC-DB95C2841704}"
EndProject
Project("{FAE04EC0-301F-11D3-BF4B-00C04F79EFBC}") = "EngagementsService", "05 ServiceLayer\EngagementsService\EngagementsService.csproj", "{6568E276-6834-406A-A926-75FF6789A6B0}"
EndProject
Project("{FAE04EC0-301F-11D3-BF4B-00C04F79EFBC}") = "TestEngagementsService", "05 ServiceLayer\TestEngagementsService\TestEngagementsService.csproj", "{E2A0C66F-9FC6-4322-A77E-3B6A07994F60}"
EndProject
Project("{FAE04EC0-301F-11D3-BF4B-00C04F79EFBC}") = "EngagementsServiceBus", "02 BusinessLayer\EngagementsServiceBus\EngagementsServiceBus.csproj", "{63436BBA-737D-4253-A530-4B0BAFB5405D}"
EndProject
Project("{FAE04EC0-301F-11D3-BF4B-00C04F79EFBC}") = "MyEngagementsWebPart", "01 UiLayer\SearchResultsWebPart\MyEngagementsWebPart.csproj", "{64779524-F926-4389-89EF-D9EA2CC6700F}"
EndProject
Project("{FAE04EC0-301F-11D3-BF4B-00C04F79EFBC}") = "EngagementsTimerJobs", "01 UiLayer\EngagementsTimerJobs\EngagementsTimerJobs.csproj", "{96E25CF0-6608-4245-B103-0877DAD458FF}"
	ProjectSection(ProjectDependencies) = postProject
		{A748422C-C404-4827-84BC-CAE9A1471EFD} = {A748422C-C404-4827-84BC-CAE9A1471EFD}
		{6BBC5E5E-6F86-440D-B4F3-695B26C66989} = {6BBC5E5E-6F86-440D-B4F3-695B26C66989}
		{5A9E55A8-DD15-4532-A292-65098A9789E0} = {5A9E55A8-DD15-4532-A292-65098A9789E0}
		{DC1119E3-250F-4921-A7AE-6928C90EF2D7} = {DC1119E3-250F-4921-A7AE-6928C90EF2D7}
	EndProjectSection
EndProject
Project("{FAE04EC0-301F-11D3-BF4B-00C04F79EFBC}") = "Acme.Core.MultiLanguageDb", "..\Acme.Core\Acme.Core.MultiLanguageDb\Acme.Core.MultiLanguageDb.csproj", "{2DC71467-FC25-4207-9621-2611B18C6326}"
EndProject
Project("{2150E333-8FDC-42A3-9474-1A3956D46DE8}") = "UiHelpers", "UiHelpers", "{4CF202F9-DB51-48FA-8C7D-75D76F6AFA99}"
EndProject
Project("{FAE04EC0-301F-11D3-BF4B-00C04F79EFBC}") = "ApiFactory", "01 UiLayer\UiHelpers\ApiFactory\ApiFactory.csproj", "{9F6CC007-2AC8-4610-AA28-69C7CF39F24C}"
EndProject
Project("{FAE04EC0-301F-11D3-BF4B-00C04F79EFBC}") = "AcmeCorp.Engagements.FarmConfiguration", "01 UiLayer\AcmeCorp.Engagements.FarmConfiguration\AcmeCorp.Engagements.FarmConfiguration.csproj", "{DC1119E3-250F-4921-A7AE-6928C90EF2D7}"
EndProject
Project("{FAE04EC0-301F-11D3-BF4B-00C04F79EFBC}") = "EngagementsConfiguration", "01 UiLayer\EngagementsConfiguration\EngagementsConfiguration.csproj", "{B0A66932-98A1-4C16-B5BC-1A414A0EEB85}"
EndProject
Project("{FAE04EC0-301F-11D3-BF4B-00C04F79EFBC}") = "TestEngagementsService-WinForms", "05 ServiceLayer\TestEngagementsService-WinForms\TestEngagementsService-WinForms.csproj", "{7DBED46F-DBB6-49FB-A58A-EF2545E22971}"
EndProject
Project("{FAE04EC0-301F-11D3-BF4B-00C04F79EFBC}") = "AcmeCorp.ProjectSpace.Administration", "01 UiLayer\AcmeCorp.ProjectSpace.Administration\AcmeCorp.ProjectSpace.Administration.csproj", "{5055C884-038C-4BE6-9EB7-3CB54FF354DC}"
EndProject
Project("{2150E333-8FDC-42A3-9474-1A3956D46DE8}") = "Mockups", "Mockups", "{B730E41E-E1A9-414D-B755-A71045A94CBA}"
EndProject
Project("{FAE04EC0-301F-11D3-BF4B-00C04F79EFBC}") = "SAPLookupTableService", "SAPLookupTableService\SAPLookupTableService.csproj", "{FCD362D5-FB59-4512-8329-7A66C72240BE}"
EndProject
Global
	GlobalSection(TeamFoundationVersionControl) = preSolution
		SccNumberOfProjects = 22
		SccEnterpriseProvider = {4CA58AB2-18FA-4F8D-95D4-32DDF27D184C}
		SccTeamFoundationServer = https://plan-b.visualstudio.com/defaultcollection
		SccLocalPath0 = .
		SccProjectUniqueName1 = 01\u0020UiLayer\\ApiTestConsole\\ApiTestConsole.csproj
		SccProjectTopLevelParentUniqueName1 = AcmeCorp.Engagements.sln
		SccProjectName1 = 01\u0020UiLayer/ApiTestConsole
		SccLocalPath1 = 01\u0020UiLayer\\ApiTestConsole
		SccProjectUniqueName2 = 02\u0020BusinessLayer\\EngagementsApi\\EngagementsApi.csproj
		SccProjectTopLevelParentUniqueName2 = AcmeCorp.Engagements.sln
		SccProjectName2 = 02\u0020BusinessLayer/EngagementsApi
		SccLocalPath2 = 02\u0020BusinessLayer\\EngagementsApi
		SccProjectUniqueName3 = 02\u0020BusinessLayer\\EngagementsDomain\\EngagementsDomain.csproj
		SccProjectTopLevelParentUniqueName3 = AcmeCorp.Engagements.sln
		SccProjectName3 = 02\u0020BusinessLayer/EngagementsDomain
		SccLocalPath3 = 02\u0020BusinessLayer\\EngagementsDomain
		SccProjectUniqueName4 = 03\u0020DataAccessLayer\\EngagementsSharePointDataAccess\\EngagementsSharePointDataAccess.csproj
		SccProjectTopLevelParentUniqueName4 = AcmeCorp.Engagements.sln
		SccProjectName4 = 03\u0020DataAccessLayer/EngagementsSharePointDataAccess
		SccLocalPath4 = 03\u0020DataAccessLayer\\EngagementsSharePointDataAccess
		SccProjectUniqueName5 = ..\\Acme.Core\\Acme.Core\\Acme.Core.csproj
		SccProjectTopLevelParentUniqueName5 = AcmeCorp.Engagements.sln
		SccProjectName5 = ../Acme.Core/Acme.Core
		SccLocalPath5 = ..\\Acme.Core\\Acme.Core
		SccProjectUniqueName6 = ..\\Acme.Core\\Acme.SharePointCore\\Acme.SharePointCore.csproj
		SccProjectTopLevelParentUniqueName6 = AcmeCorp.Engagements.sln
		SccProjectName6 = ../Acme.Core/Acme.SharePointCore
		SccLocalPath6 = ..\\Acme.Core\\Acme.SharePointCore
		SccProjectUniqueName7 = 01\u0020UiLayer\\EngagementsTestClient\\EngagementsTestClient.csproj
		SccProjectTopLevelParentUniqueName7 = AcmeCorp.Engagements.sln
		SccProjectName7 = 01\u0020UiLayer/EngagementsTestClient
		SccLocalPath7 = 01\u0020UiLayer\\EngagementsTestClient
		SccProjectUniqueName8 = 01\u0020UiLayer\\AcmeCorp.Engagements\\AcmeCorp.Engagements.csproj
		SccProjectTopLevelParentUniqueName8 = AcmeCorp.Engagements.sln
		SccProjectName8 = 01\u0020UiLayer/AcmeCorp.Engagements
		SccLocalPath8 = 01\u0020UiLayer\\AcmeCorp.Engagements
		SccProjectUniqueName9 = 07\u0020DBLayer\\EngagementsDb\\EngagementsDb.sqlproj
		SccProjectTopLevelParentUniqueName9 = AcmeCorp.Engagements.sln
		SccProjectName9 = 07\u0020DBLayer/EngagementsDb
		SccLocalPath9 = 07\u0020DBLayer\\EngagementsDb
		SccProjectUniqueName10 = 05\u0020ServiceLayer\\EngagementsService\\EngagementsService.csproj
		SccProjectTopLevelParentUniqueName10 = AcmeCorp.Engagements.sln
		SccProjectName10 = 05\u0020ServiceLayer/EngagementsService
		SccLocalPath10 = 05\u0020ServiceLayer\\EngagementsService
		SccProjectUniqueName11 = 02\u0020BusinessLayer\\EngagementsServiceBus\\EngagementsServiceBus.csproj
		SccProjectTopLevelParentUniqueName11 = AcmeCorp.Engagements.sln
		SccProjectName11 = 02\u0020BusinessLayer/EngagementsServiceBus
		SccLocalPath11 = 02\u0020BusinessLayer\\EngagementsServiceBus
		SccProjectUniqueName12 = 01\u0020UiLayer\\SearchResultsWebPart\\MyEngagementsWebPart.csproj
		SccProjectTopLevelParentUniqueName12 = AcmeCorp.Engagements.sln
		SccProjectName12 = 01\u0020UiLayer/SearchResultsWebPart
		SccLocalPath12 = 01\u0020UiLayer\\SearchResultsWebPart
		SccProjectUniqueName13 = 01\u0020UiLayer\\EngagementsTimerJobs\\EngagementsTimerJobs.csproj
		SccProjectTopLevelParentUniqueName13 = AcmeCorp.Engagements.sln
		SccProjectName13 = 01\u0020UiLayer/EngagementsTimerJobs
		SccLocalPath13 = 01\u0020UiLayer\\EngagementsTimerJobs
		SccProjectUniqueName14 = ..\\Acme.Core\\Acme.Core.MultiLanguageDb\\Acme.Core.MultiLanguageDb.csproj
		SccProjectTopLevelParentUniqueName14 = AcmeCorp.Engagements.sln
		SccProjectName14 = ../Acme.Core/Acme.Core.MultiLanguageDb
		SccLocalPath14 = ..\\Acme.Core\\Acme.Core.MultiLanguageDb
		SccProjectUniqueName15 = 01\u0020UiLayer\\UiHelpers\\ApiFactory\\ApiFactory.csproj
		SccProjectTopLevelParentUniqueName15 = AcmeCorp.Engagements.sln
		SccProjectName15 = 01\u0020UiLayer/UiHelpers/ApiFactory
		SccLocalPath15 = 01\u0020UiLayer\\UiHelpers\\ApiFactory
		SccProjectUniqueName16 = 01\u0020UiLayer\\AcmeCorp.Engagements.FarmConfiguration\\AcmeCorp.Engagements.FarmConfiguration.csproj
		SccProjectTopLevelParentUniqueName16 = AcmeCorp.Engagements.sln
		SccProjectName16 = 01\u0020UiLayer/AcmeCorp.Engagements.FarmConfiguration
		SccLocalPath16 = 01\u0020UiLayer\\AcmeCorp.Engagements.FarmConfiguration
		SccProjectUniqueName17 = 01\u0020UiLayer\\EngagementsConfiguration\\EngagementsConfiguration.csproj
		SccProjectTopLevelParentUniqueName17 = AcmeCorp.Engagements.sln
		SccProjectName17 = 01\u0020UiLayer/EngagementsConfiguration
		SccLocalPath17 = 01\u0020UiLayer\\EngagementsConfiguration
		SccProjectUniqueName18 = 05\u0020ServiceLayer\\TestEngagementsService\\TestEngagementsService.csproj
		SccProjectTopLevelParentUniqueName18 = AcmeCorp.Engagements.sln
		SccProjectName18 = 05\u0020ServiceLayer/TestEngagementsService
		SccLocalPath18 = 05\u0020ServiceLayer\\TestEngagementsService
		SccProjectUniqueName19 = 05\u0020ServiceLayer\\TestEngagementsService-WinForms\\TestEngagementsService-WinForms.csproj
		SccProjectTopLevelParentUniqueName19 = AcmeCorp.Engagements.sln
		SccProjectName19 = 05\u0020ServiceLayer/TestEngagementsService-WinForms
		SccLocalPath19 = 05\u0020ServiceLayer\\TestEngagementsService-WinForms
		SccProjectUniqueName20 = 01\u0020UiLayer\\AcmeCorp.ProjectSpace.Administration\\AcmeCorp.ProjectSpace.Administration.csproj
		SccProjectTopLevelParentUniqueName20 = AcmeCorp.Engagements.sln
		SccProjectName20 = 01\u0020UiLayer/AcmeCorp.ProjectSpace.Administration
		SccLocalPath20 = 01\u0020UiLayer\\AcmeCorp.ProjectSpace.Administration
		SccProjectUniqueName21 = SAPLookupTableService\\SAPLookupTableService.csproj
		SccProjectTopLevelParentUniqueName21 = AcmeCorp.Engagements.sln
		SccProjectName21 = SAPLookupTableService
		SccLocalPath21 = SAPLookupTableService
	EndGlobalSection
	GlobalSection(SolutionConfigurationPlatforms) = preSolution
		Debug|Any CPU = Debug|Any CPU
		Debug|Mixed Platforms = Debug|Mixed Platforms
		Debug|x86 = Debug|x86
		Release|Any CPU = Release|Any CPU
		Release|Mixed Platforms = Release|Mixed Platforms
		Release|x86 = Release|x86
	EndGlobalSection
	GlobalSection(ProjectConfigurationPlatforms) = postSolution
		{C014856F-781D-48F5-8786-5883E37FF976}.Debug|Any CPU.ActiveCfg = Debug|Any CPU
		{C014856F-781D-48F5-8786-5883E37FF976}.Debug|Any CPU.Build.0 = Debug|Any CPU
		{C014856F-781D-48F5-8786-5883E37FF976}.Debug|Mixed Platforms.ActiveCfg = Debug|Any CPU
		{C014856F-781D-48F5-8786-5883E37FF976}.Debug|Mixed Platforms.Build.0 = Debug|Any CPU
		{C014856F-781D-48F5-8786-5883E37FF976}.Debug|x86.ActiveCfg = Debug|Any CPU
		{C014856F-781D-48F5-8786-5883E37FF976}.Release|Any CPU.ActiveCfg = Release|Any CPU
		{C014856F-781D-48F5-8786-5883E37FF976}.Release|Any CPU.Build.0 = Release|Any CPU
		{C014856F-781D-48F5-8786-5883E37FF976}.Release|Mixed Platforms.ActiveCfg = Release|Any CPU
		{C014856F-781D-48F5-8786-5883E37FF976}.Release|Mixed Platforms.Build.0 = Release|Any CPU
		{C014856F-781D-48F5-8786-5883E37FF976}.Release|x86.ActiveCfg = Release|Any CPU
		{D43AE348-CD69-45F3-9AA5-07E4FA0BB936}.Debug|Any CPU.ActiveCfg = Debug|Any CPU
		{D43AE348-CD69-45F3-9AA5-07E4FA0BB936}.Debug|Any CPU.Build.0 = Debug|Any CPU
		{D43AE348-CD69-45F3-9AA5-07E4FA0BB936}.Debug|Mixed Platforms.ActiveCfg = Debug|Any CPU
		{D43AE348-CD69-45F3-9AA5-07E4FA0BB936}.Debug|Mixed Platforms.Build.0 = Debug|Any CPU
		{D43AE348-CD69-45F3-9AA5-07E4FA0BB936}.Debug|x86.ActiveCfg = Debug|Any CPU
		{D43AE348-CD69-45F3-9AA5-07E4FA0BB936}.Release|Any CPU.ActiveCfg = Release|Any CPU
		{D43AE348-CD69-45F3-9AA5-07E4FA0BB936}.Release|Any CPU.Build.0 = Release|Any CPU
		{D43AE348-CD69-45F3-9AA5-07E4FA0BB936}.Release|Mixed Platforms.ActiveCfg = Release|Any CPU
		{D43AE348-CD69-45F3-9AA5-07E4FA0BB936}.Release|Mixed Platforms.Build.0 = Release|Any CPU
		{D43AE348-CD69-45F3-9AA5-07E4FA0BB936}.Release|x86.ActiveCfg = Release|Any CPU
		{CD02009B-AB42-46F4-97AE-2757DD3F9136}.Debug|Any CPU.ActiveCfg = Debug|Any CPU
		{CD02009B-AB42-46F4-97AE-2757DD3F9136}.Debug|Any CPU.Build.0 = Debug|Any CPU
		{CD02009B-AB42-46F4-97AE-2757DD3F9136}.Debug|Mixed Platforms.ActiveCfg = Debug|Any CPU
		{CD02009B-AB42-46F4-97AE-2757DD3F9136}.Debug|Mixed Platforms.Build.0 = Debug|Any CPU
		{CD02009B-AB42-46F4-97AE-2757DD3F9136}.Debug|x86.ActiveCfg = Debug|Any CPU
		{CD02009B-AB42-46F4-97AE-2757DD3F9136}.Release|Any CPU.ActiveCfg = Release|Any CPU
		{CD02009B-AB42-46F4-97AE-2757DD3F9136}.Release|Any CPU.Build.0 = Release|Any CPU
		{CD02009B-AB42-46F4-97AE-2757DD3F9136}.Release|Mixed Platforms.ActiveCfg = Release|Any CPU
		{CD02009B-AB42-46F4-97AE-2757DD3F9136}.Release|Mixed Platforms.Build.0 = Release|Any CPU
		{CD02009B-AB42-46F4-97AE-2757DD3F9136}.Release|x86.ActiveCfg = Release|Any CPU
		{A748422C-C404-4827-84BC-CAE9A1471EFD}.Debug|Any CPU.ActiveCfg = Debug|Any CPU
		{A748422C-C404-4827-84BC-CAE9A1471EFD}.Debug|Any CPU.Build.0 = Debug|Any CPU
		{A748422C-C404-4827-84BC-CAE9A1471EFD}.Debug|Mixed Platforms.ActiveCfg = Debug|Any CPU
		{A748422C-C404-4827-84BC-CAE9A1471EFD}.Debug|Mixed Platforms.Build.0 = Debug|Any CPU
		{A748422C-C404-4827-84BC-CAE9A1471EFD}.Debug|x86.ActiveCfg = Debug|Any CPU
		{A748422C-C404-4827-84BC-CAE9A1471EFD}.Release|Any CPU.ActiveCfg = Release|Any CPU
		{A748422C-C404-4827-84BC-CAE9A1471EFD}.Release|Any CPU.Build.0 = Release|Any CPU
		{A748422C-C404-4827-84BC-CAE9A1471EFD}.Release|Mixed Platforms.ActiveCfg = Release|Any CPU
		{A748422C-C404-4827-84BC-CAE9A1471EFD}.Release|Mixed Platforms.Build.0 = Release|Any CPU
		{A748422C-C404-4827-84BC-CAE9A1471EFD}.Release|x86.ActiveCfg = Release|Any CPU
		{5A9E55A8-DD15-4532-A292-65098A9789E0}.Debug|Any CPU.ActiveCfg = Debug|Any CPU
		{5A9E55A8-DD15-4532-A292-65098A9789E0}.Debug|Any CPU.Build.0 = Debug|Any CPU
		{5A9E55A8-DD15-4532-A292-65098A9789E0}.Debug|Mixed Platforms.ActiveCfg = Debug|Any CPU
		{5A9E55A8-DD15-4532-A292-65098A9789E0}.Debug|Mixed Platforms.Build.0 = Debug|Any CPU
		{5A9E55A8-DD15-4532-A292-65098A9789E0}.Debug|x86.ActiveCfg = Debug|Any CPU
		{5A9E55A8-DD15-4532-A292-65098A9789E0}.Release|Any CPU.ActiveCfg = Release|Any CPU
		{5A9E55A8-DD15-4532-A292-65098A9789E0}.Release|Any CPU.Build.0 = Release|Any CPU
		{5A9E55A8-DD15-4532-A292-65098A9789E0}.Release|Mixed Platforms.ActiveCfg = Release|Any CPU
		{5A9E55A8-DD15-4532-A292-65098A9789E0}.Release|Mixed Platforms.Build.0 = Release|Any CPU
		{5A9E55A8-DD15-4532-A292-65098A9789E0}.Release|x86.ActiveCfg = Release|Any CPU
		{6BBC5E5E-6F86-440D-B4F3-695B26C66989}.Debug|Any CPU.ActiveCfg = Debug|Any CPU
		{6BBC5E5E-6F86-440D-B4F3-695B26C66989}.Debug|Any CPU.Build.0 = Debug|Any CPU
		{6BBC5E5E-6F86-440D-B4F3-695B26C66989}.Debug|Mixed Platforms.ActiveCfg = Debug|Any CPU
		{6BBC5E5E-6F86-440D-B4F3-695B26C66989}.Debug|Mixed Platforms.Build.0 = Debug|Any CPU
		{6BBC5E5E-6F86-440D-B4F3-695B26C66989}.Debug|x86.ActiveCfg = Debug|Any CPU
		{6BBC5E5E-6F86-440D-B4F3-695B26C66989}.Release|Any CPU.ActiveCfg = Release|Any CPU
		{6BBC5E5E-6F86-440D-B4F3-695B26C66989}.Release|Any CPU.Build.0 = Release|Any CPU
		{6BBC5E5E-6F86-440D-B4F3-695B26C66989}.Release|Mixed Platforms.ActiveCfg = Release|Any CPU
		{6BBC5E5E-6F86-440D-B4F3-695B26C66989}.Release|Mixed Platforms.Build.0 = Release|Any CPU
		{6BBC5E5E-6F86-440D-B4F3-695B26C66989}.Release|x86.ActiveCfg = Release|Any CPU
		{189EFE63-24CA-4325-9E83-F9210DCB197C}.Debug|Any CPU.ActiveCfg = Debug|Any CPU
		{189EFE63-24CA-4325-9E83-F9210DCB197C}.Debug|Any CPU.Build.0 = Debug|Any CPU
		{189EFE63-24CA-4325-9E83-F9210DCB197C}.Debug|Mixed Platforms.ActiveCfg = Debug|Any CPU
		{189EFE63-24CA-4325-9E83-F9210DCB197C}.Debug|Mixed Platforms.Build.0 = Debug|Any CPU
		{189EFE63-24CA-4325-9E83-F9210DCB197C}.Debug|x86.ActiveCfg = Debug|Any CPU
		{189EFE63-24CA-4325-9E83-F9210DCB197C}.Release|Any CPU.ActiveCfg = Release|Any CPU
		{189EFE63-24CA-4325-9E83-F9210DCB197C}.Release|Any CPU.Build.0 = Release|Any CPU
		{189EFE63-24CA-4325-9E83-F9210DCB197C}.Release|Mixed Platforms.ActiveCfg = Release|Any CPU
		{189EFE63-24CA-4325-9E83-F9210DCB197C}.Release|Mixed Platforms.Build.0 = Release|Any CPU
		{189EFE63-24CA-4325-9E83-F9210DCB197C}.Release|x86.ActiveCfg = Release|Any CPU
		{55846938-90C0-473A-8F5A-C93227B001AD}.Debug|Any CPU.ActiveCfg = Debug|Any CPU
		{55846938-90C0-473A-8F5A-C93227B001AD}.Debug|Any CPU.Build.0 = Debug|Any CPU
		{55846938-90C0-473A-8F5A-C93227B001AD}.Debug|Any CPU.Deploy.0 = Debug|Any CPU
		{55846938-90C0-473A-8F5A-C93227B001AD}.Debug|Mixed Platforms.ActiveCfg = Debug|Any CPU
		{55846938-90C0-473A-8F5A-C93227B001AD}.Debug|Mixed Platforms.Build.0 = Debug|Any CPU
		{55846938-90C0-473A-8F5A-C93227B001AD}.Debug|Mixed Platforms.Deploy.0 = Debug|Any CPU
		{55846938-90C0-473A-8F5A-C93227B001AD}.Debug|x86.ActiveCfg = Debug|Any CPU
		{55846938-90C0-473A-8F5A-C93227B001AD}.Release|Any CPU.ActiveCfg = Release|Any CPU
		{55846938-90C0-473A-8F5A-C93227B001AD}.Release|Any CPU.Build.0 = Release|Any CPU
		{55846938-90C0-473A-8F5A-C93227B001AD}.Release|Any CPU.Deploy.0 = Release|Any CPU
		{55846938-90C0-473A-8F5A-C93227B001AD}.Release|Mixed Platforms.ActiveCfg = Release|Any CPU
		{55846938-90C0-473A-8F5A-C93227B001AD}.Release|Mixed Platforms.Build.0 = Release|Any CPU
		{55846938-90C0-473A-8F5A-C93227B001AD}.Release|Mixed Platforms.Deploy.0 = Release|Any CPU
		{55846938-90C0-473A-8F5A-C93227B001AD}.Release|x86.ActiveCfg = Release|Any CPU
		{53891775-B486-4A1A-95AC-DB95C2841704}.Debug|Any CPU.ActiveCfg = Debug|Any CPU
		{53891775-B486-4A1A-95AC-DB95C2841704}.Debug|Any CPU.Build.0 = Debug|Any CPU
		{53891775-B486-4A1A-95AC-DB95C2841704}.Debug|Any CPU.Deploy.0 = Debug|Any CPU
		{53891775-B486-4A1A-95AC-DB95C2841704}.Debug|Mixed Platforms.ActiveCfg = Debug|Any CPU
		{53891775-B486-4A1A-95AC-DB95C2841704}.Debug|Mixed Platforms.Build.0 = Debug|Any CPU
		{53891775-B486-4A1A-95AC-DB95C2841704}.Debug|Mixed Platforms.Deploy.0 = Debug|Any CPU
		{53891775-B486-4A1A-95AC-DB95C2841704}.Debug|x86.ActiveCfg = Debug|Any CPU
		{53891775-B486-4A1A-95AC-DB95C2841704}.Release|Any CPU.ActiveCfg = Release|Any CPU
		{53891775-B486-4A1A-95AC-DB95C2841704}.Release|Any CPU.Build.0 = Release|Any CPU
		{53891775-B486-4A1A-95AC-DB95C2841704}.Release|Any CPU.Deploy.0 = Release|Any CPU
		{53891775-B486-4A1A-95AC-DB95C2841704}.Release|Mixed Platforms.ActiveCfg = Release|Any CPU
		{53891775-B486-4A1A-95AC-DB95C2841704}.Release|Mixed Platforms.Build.0 = Release|Any CPU
		{53891775-B486-4A1A-95AC-DB95C2841704}.Release|Mixed Platforms.Deploy.0 = Release|Any CPU
		{53891775-B486-4A1A-95AC-DB95C2841704}.Release|x86.ActiveCfg = Release|Any CPU
		{6568E276-6834-406A-A926-75FF6789A6B0}.Debug|Any CPU.ActiveCfg = Debug|Any CPU
		{6568E276-6834-406A-A926-75FF6789A6B0}.Debug|Any CPU.Build.0 = Debug|Any CPU
		{6568E276-6834-406A-A926-75FF6789A6B0}.Debug|Mixed Platforms.ActiveCfg = Debug|Any CPU
		{6568E276-6834-406A-A926-75FF6789A6B0}.Debug|Mixed Platforms.Build.0 = Debug|Any CPU
		{6568E276-6834-406A-A926-75FF6789A6B0}.Debug|x86.ActiveCfg = Debug|Any CPU
		{6568E276-6834-406A-A926-75FF6789A6B0}.Release|Any CPU.ActiveCfg = Release|Any CPU
		{6568E276-6834-406A-A926-75FF6789A6B0}.Release|Any CPU.Build.0 = Release|Any CPU
		{6568E276-6834-406A-A926-75FF6789A6B0}.Release|Mixed Platforms.ActiveCfg = Release|Any CPU
		{6568E276-6834-406A-A926-75FF6789A6B0}.Release|Mixed Platforms.Build.0 = Release|Any CPU
		{6568E276-6834-406A-A926-75FF6789A6B0}.Release|x86.ActiveCfg = Release|Any CPU
		{E2A0C66F-9FC6-4322-A77E-3B6A07994F60}.Debug|Any CPU.ActiveCfg = Debug|x86
		{E2A0C66F-9FC6-4322-A77E-3B6A07994F60}.Debug|Mixed Platforms.ActiveCfg = Debug|x86
		{E2A0C66F-9FC6-4322-A77E-3B6A07994F60}.Debug|Mixed Platforms.Build.0 = Debug|x86
		{E2A0C66F-9FC6-4322-A77E-3B6A07994F60}.Debug|x86.ActiveCfg = Debug|x86
		{E2A0C66F-9FC6-4322-A77E-3B6A07994F60}.Debug|x86.Build.0 = Debug|x86
		{E2A0C66F-9FC6-4322-A77E-3B6A07994F60}.Release|Any CPU.ActiveCfg = Release|x86
		{E2A0C66F-9FC6-4322-A77E-3B6A07994F60}.Release|Mixed Platforms.ActiveCfg = Release|x86
		{E2A0C66F-9FC6-4322-A77E-3B6A07994F60}.Release|Mixed Platforms.Build.0 = Release|x86
		{E2A0C66F-9FC6-4322-A77E-3B6A07994F60}.Release|x86.ActiveCfg = Release|x86
		{E2A0C66F-9FC6-4322-A77E-3B6A07994F60}.Release|x86.Build.0 = Release|x86
		{63436BBA-737D-4253-A530-4B0BAFB5405D}.Debug|Any CPU.ActiveCfg = Debug|Any CPU
		{63436BBA-737D-4253-A530-4B0BAFB5405D}.Debug|Any CPU.Build.0 = Debug|Any CPU
		{63436BBA-737D-4253-A530-4B0BAFB5405D}.Debug|Mixed Platforms.ActiveCfg = Debug|Any CPU
		{63436BBA-737D-4253-A530-4B0BAFB5405D}.Debug|Mixed Platforms.Build.0 = Debug|Any CPU
		{63436BBA-737D-4253-A530-4B0BAFB5405D}.Debug|x86.ActiveCfg = Debug|Any CPU
		{63436BBA-737D-4253-A530-4B0BAFB5405D}.Release|Any CPU.ActiveCfg = Release|Any CPU
		{63436BBA-737D-4253-A530-4B0BAFB5405D}.Release|Any CPU.Build.0 = Release|Any CPU
		{63436BBA-737D-4253-A530-4B0BAFB5405D}.Release|Mixed Platforms.ActiveCfg = Release|Any CPU
		{63436BBA-737D-4253-A530-4B0BAFB5405D}.Release|Mixed Platforms.Build.0 = Release|Any CPU
		{63436BBA-737D-4253-A530-4B0BAFB5405D}.Release|x86.ActiveCfg = Release|Any CPU
		{64779524-F926-4389-89EF-D9EA2CC6700F}.Debug|Any CPU.ActiveCfg = Debug|Any CPU
		{64779524-F926-4389-89EF-D9EA2CC6700F}.Debug|Any CPU.Build.0 = Debug|Any CPU
		{64779524-F926-4389-89EF-D9EA2CC6700F}.Debug|Any CPU.Deploy.0 = Debug|Any CPU
		{64779524-F926-4389-89EF-D9EA2CC6700F}.Debug|Mixed Platforms.ActiveCfg = Debug|Any CPU
		{64779524-F926-4389-89EF-D9EA2CC6700F}.Debug|Mixed Platforms.Build.0 = Debug|Any CPU
		{64779524-F926-4389-89EF-D9EA2CC6700F}.Debug|Mixed Platforms.Deploy.0 = Debug|Any CPU
		{64779524-F926-4389-89EF-D9EA2CC6700F}.Debug|x86.ActiveCfg = Debug|Any CPU
		{64779524-F926-4389-89EF-D9EA2CC6700F}.Release|Any CPU.ActiveCfg = Release|Any CPU
		{64779524-F926-4389-89EF-D9EA2CC6700F}.Release|Any CPU.Build.0 = Release|Any CPU
		{64779524-F926-4389-89EF-D9EA2CC6700F}.Release|Any CPU.Deploy.0 = Release|Any CPU
		{64779524-F926-4389-89EF-D9EA2CC6700F}.Release|Mixed Platforms.ActiveCfg = Release|Any CPU
		{64779524-F926-4389-89EF-D9EA2CC6700F}.Release|Mixed Platforms.Build.0 = Release|Any CPU
		{64779524-F926-4389-89EF-D9EA2CC6700F}.Release|Mixed Platforms.Deploy.0 = Release|Any CPU
		{64779524-F926-4389-89EF-D9EA2CC6700F}.Release|x86.ActiveCfg = Release|Any CPU
		{96E25CF0-6608-4245-B103-0877DAD458FF}.Debug|Any CPU.ActiveCfg = Debug|Any CPU
		{96E25CF0-6608-4245-B103-0877DAD458FF}.Debug|Any CPU.Build.0 = Debug|Any CPU
		{96E25CF0-6608-4245-B103-0877DAD458FF}.Debug|Any CPU.Deploy.0 = Debug|Any CPU
		{96E25CF0-6608-4245-B103-0877DAD458FF}.Debug|Mixed Platforms.ActiveCfg = Debug|Any CPU
		{96E25CF0-6608-4245-B103-0877DAD458FF}.Debug|Mixed Platforms.Build.0 = Debug|Any CPU
		{96E25CF0-6608-4245-B103-0877DAD458FF}.Debug|Mixed Platforms.Deploy.0 = Debug|Any CPU
		{96E25CF0-6608-4245-B103-0877DAD458FF}.Debug|x86.ActiveCfg = Debug|Any CPU
		{96E25CF0-6608-4245-B103-0877DAD458FF}.Release|Any CPU.ActiveCfg = Release|Any CPU
		{96E25CF0-6608-4245-B103-0877DAD458FF}.Release|Any CPU.Build.0 = Release|Any CPU
		{96E25CF0-6608-4245-B103-0877DAD458FF}.Release|Any CPU.Deploy.0 = Release|Any CPU
		{96E25CF0-6608-4245-B103-0877DAD458FF}.Release|Mixed Platforms.ActiveCfg = Release|Any CPU
		{96E25CF0-6608-4245-B103-0877DAD458FF}.Release|Mixed Platforms.Build.0 = Release|Any CPU
		{96E25CF0-6608-4245-B103-0877DAD458FF}.Release|Mixed Platforms.Deploy.0 = Release|Any CPU
		{96E25CF0-6608-4245-B103-0877DAD458FF}.Release|x86.ActiveCfg = Release|Any CPU
		{2DC71467-FC25-4207-9621-2611B18C6326}.Debug|Any CPU.ActiveCfg = Debug|Any CPU
		{2DC71467-FC25-4207-9621-2611B18C6326}.Debug|Any CPU.Build.0 = Debug|Any CPU
		{2DC71467-FC25-4207-9621-2611B18C6326}.Debug|Mixed Platforms.ActiveCfg = Debug|Any CPU
		{2DC71467-FC25-4207-9621-2611B18C6326}.Debug|Mixed Platforms.Build.0 = Debug|Any CPU
		{2DC71467-FC25-4207-9621-2611B18C6326}.Debug|x86.ActiveCfg = Debug|Any CPU
		{2DC71467-FC25-4207-9621-2611B18C6326}.Release|Any CPU.ActiveCfg = Release|Any CPU
		{2DC71467-FC25-4207-9621-2611B18C6326}.Release|Any CPU.Build.0 = Release|Any CPU
		{2DC71467-FC25-4207-9621-2611B18C6326}.Release|Mixed Platforms.ActiveCfg = Release|Any CPU
		{2DC71467-FC25-4207-9621-2611B18C6326}.Release|Mixed Platforms.Build.0 = Release|Any CPU
		{2DC71467-FC25-4207-9621-2611B18C6326}.Release|x86.ActiveCfg = Release|Any CPU
		{9F6CC007-2AC8-4610-AA28-69C7CF39F24C}.Debug|Any CPU.ActiveCfg = Debug|Any CPU
		{9F6CC007-2AC8-4610-AA28-69C7CF39F24C}.Debug|Any CPU.Build.0 = Debug|Any CPU
		{9F6CC007-2AC8-4610-AA28-69C7CF39F24C}.Debug|Mixed Platforms.ActiveCfg = Debug|Any CPU
		{9F6CC007-2AC8-4610-AA28-69C7CF39F24C}.Debug|Mixed Platforms.Build.0 = Debug|Any CPU
		{9F6CC007-2AC8-4610-AA28-69C7CF39F24C}.Debug|x86.ActiveCfg = Debug|Any CPU
		{9F6CC007-2AC8-4610-AA28-69C7CF39F24C}.Release|Any CPU.ActiveCfg = Release|Any CPU
		{9F6CC007-2AC8-4610-AA28-69C7CF39F24C}.Release|Any CPU.Build.0 = Release|Any CPU
		{9F6CC007-2AC8-4610-AA28-69C7CF39F24C}.Release|Mixed Platforms.ActiveCfg = Release|Any CPU
		{9F6CC007-2AC8-4610-AA28-69C7CF39F24C}.Release|Mixed Platforms.Build.0 = Release|Any CPU
		{9F6CC007-2AC8-4610-AA28-69C7CF39F24C}.Release|x86.ActiveCfg = Release|Any CPU
		{DC1119E3-250F-4921-A7AE-6928C90EF2D7}.Debug|Any CPU.ActiveCfg = Debug|Any CPU
		{DC1119E3-250F-4921-A7AE-6928C90EF2D7}.Debug|Any CPU.Build.0 = Debug|Any CPU
		{DC1119E3-250F-4921-A7AE-6928C90EF2D7}.Debug|Any CPU.Deploy.0 = Debug|Any CPU
		{DC1119E3-250F-4921-A7AE-6928C90EF2D7}.Debug|Mixed Platforms.ActiveCfg = Debug|Any CPU
		{DC1119E3-250F-4921-A7AE-6928C90EF2D7}.Debug|Mixed Platforms.Build.0 = Debug|Any CPU
		{DC1119E3-250F-4921-A7AE-6928C90EF2D7}.Debug|Mixed Platforms.Deploy.0 = Debug|Any CPU
		{DC1119E3-250F-4921-A7AE-6928C90EF2D7}.Debug|x86.ActiveCfg = Debug|Any CPU
		{DC1119E3-250F-4921-A7AE-6928C90EF2D7}.Release|Any CPU.ActiveCfg = Release|Any CPU
		{DC1119E3-250F-4921-A7AE-6928C90EF2D7}.Release|Any CPU.Build.0 = Release|Any CPU
		{DC1119E3-250F-4921-A7AE-6928C90EF2D7}.Release|Any CPU.Deploy.0 = Release|Any CPU
		{DC1119E3-250F-4921-A7AE-6928C90EF2D7}.Release|Mixed Platforms.ActiveCfg = Release|Any CPU
		{DC1119E3-250F-4921-A7AE-6928C90EF2D7}.Release|Mixed Platforms.Build.0 = Release|Any CPU
		{DC1119E3-250F-4921-A7AE-6928C90EF2D7}.Release|Mixed Platforms.Deploy.0 = Release|Any CPU
		{DC1119E3-250F-4921-A7AE-6928C90EF2D7}.Release|x86.ActiveCfg = Release|Any CPU
		{B0A66932-98A1-4C16-B5BC-1A414A0EEB85}.Debug|Any CPU.ActiveCfg = Debug|Any CPU
		{B0A66932-98A1-4C16-B5BC-1A414A0EEB85}.Debug|Any CPU.Build.0 = Debug|Any CPU
		{B0A66932-98A1-4C16-B5BC-1A414A0EEB85}.Debug|Any CPU.Deploy.0 = Debug|Any CPU
		{B0A66932-98A1-4C16-B5BC-1A414A0EEB85}.Debug|Mixed Platforms.ActiveCfg = Debug|Any CPU
		{B0A66932-98A1-4C16-B5BC-1A414A0EEB85}.Debug|Mixed Platforms.Build.0 = Debug|Any CPU
		{B0A66932-98A1-4C16-B5BC-1A414A0EEB85}.Debug|Mixed Platforms.Deploy.0 = Debug|Any CPU
		{B0A66932-98A1-4C16-B5BC-1A414A0EEB85}.Debug|x86.ActiveCfg = Debug|Any CPU
		{B0A66932-98A1-4C16-B5BC-1A414A0EEB85}.Release|Any CPU.ActiveCfg = Release|Any CPU
		{B0A66932-98A1-4C16-B5BC-1A414A0EEB85}.Release|Any CPU.Build.0 = Release|Any CPU
		{B0A66932-98A1-4C16-B5BC-1A414A0EEB85}.Release|Any CPU.Deploy.0 = Release|Any CPU
		{B0A66932-98A1-4C16-B5BC-1A414A0EEB85}.Release|Mixed Platforms.ActiveCfg = Release|Any CPU
		{B0A66932-98A1-4C16-B5BC-1A414A0EEB85}.Release|Mixed Platforms.Build.0 = Release|Any CPU
		{B0A66932-98A1-4C16-B5BC-1A414A0EEB85}.Release|Mixed Platforms.Deploy.0 = Release|Any CPU
		{B0A66932-98A1-4C16-B5BC-1A414A0EEB85}.Release|x86.ActiveCfg = Release|Any CPU
		{7DBED46F-DBB6-49FB-A58A-EF2545E22971}.Debug|Any CPU.ActiveCfg = Debug|Any CPU
		{7DBED46F-DBB6-49FB-A58A-EF2545E22971}.Debug|Any CPU.Build.0 = Debug|Any CPU
		{7DBED46F-DBB6-49FB-A58A-EF2545E22971}.Debug|Mixed Platforms.ActiveCfg = Debug|Any CPU
		{7DBED46F-DBB6-49FB-A58A-EF2545E22971}.Debug|Mixed Platforms.Build.0 = Debug|Any CPU
		{7DBED46F-DBB6-49FB-A58A-EF2545E22971}.Debug|x86.ActiveCfg = Debug|Any CPU
		{7DBED46F-DBB6-49FB-A58A-EF2545E22971}.Release|Any CPU.ActiveCfg = Release|Any CPU
		{7DBED46F-DBB6-49FB-A58A-EF2545E22971}.Release|Any CPU.Build.0 = Release|Any CPU
		{7DBED46F-DBB6-49FB-A58A-EF2545E22971}.Release|Mixed Platforms.ActiveCfg = Release|Any CPU
		{7DBED46F-DBB6-49FB-A58A-EF2545E22971}.Release|Mixed Platforms.Build.0 = Release|Any CPU
		{7DBED46F-DBB6-49FB-A58A-EF2545E22971}.Release|x86.ActiveCfg = Release|Any CPU
		{5055C884-038C-4BE6-9EB7-3CB54FF354DC}.Debug|Any CPU.ActiveCfg = Debug|Any CPU
		{5055C884-038C-4BE6-9EB7-3CB54FF354DC}.Debug|Any CPU.Build.0 = Debug|Any CPU
		{5055C884-038C-4BE6-9EB7-3CB54FF354DC}.Debug|Any CPU.Deploy.0 = Debug|Any CPU
		{5055C884-038C-4BE6-9EB7-3CB54FF354DC}.Debug|Mixed Platforms.ActiveCfg = Debug|Any CPU
		{5055C884-038C-4BE6-9EB7-3CB54FF354DC}.Debug|Mixed Platforms.Build.0 = Debug|Any CPU
		{5055C884-038C-4BE6-9EB7-3CB54FF354DC}.Debug|Mixed Platforms.Deploy.0 = Debug|Any CPU
		{5055C884-038C-4BE6-9EB7-3CB54FF354DC}.Debug|x86.ActiveCfg = Debug|Any CPU
		{5055C884-038C-4BE6-9EB7-3CB54FF354DC}.Release|Any CPU.ActiveCfg = Release|Any CPU
		{5055C884-038C-4BE6-9EB7-3CB54FF354DC}.Release|Any CPU.Build.0 = Release|Any CPU
		{5055C884-038C-4BE6-9EB7-3CB54FF354DC}.Release|Any CPU.Deploy.0 = Release|Any CPU
		{5055C884-038C-4BE6-9EB7-3CB54FF354DC}.Release|Mixed Platforms.ActiveCfg = Release|Any CPU
		{5055C884-038C-4BE6-9EB7-3CB54FF354DC}.Release|Mixed Platforms.Build.0 = Release|Any CPU
		{5055C884-038C-4BE6-9EB7-3CB54FF354DC}.Release|Mixed Platforms.Deploy.0 = Release|Any CPU
		{5055C884-038C-4BE6-9EB7-3CB54FF354DC}.Release|x86.ActiveCfg = Release|Any CPU
		{FCD362D5-FB59-4512-8329-7A66C72240BE}.Debug|Any CPU.ActiveCfg = Debug|Any CPU
		{FCD362D5-FB59-4512-8329-7A66C72240BE}.Debug|Any CPU.Build.0 = Debug|Any CPU
		{FCD362D5-FB59-4512-8329-7A66C72240BE}.Debug|Mixed Platforms.ActiveCfg = Debug|Any CPU
		{FCD362D5-FB59-4512-8329-7A66C72240BE}.Debug|Mixed Platforms.Build.0 = Debug|Any CPU
		{FCD362D5-FB59-4512-8329-7A66C72240BE}.Debug|x86.ActiveCfg = Debug|Any CPU
		{FCD362D5-FB59-4512-8329-7A66C72240BE}.Release|Any CPU.ActiveCfg = Release|Any CPU
		{FCD362D5-FB59-4512-8329-7A66C72240BE}.Release|Any CPU.Build.0 = Release|Any CPU
		{FCD362D5-FB59-4512-8329-7A66C72240BE}.Release|Mixed Platforms.ActiveCfg = Release|Any CPU
		{FCD362D5-FB59-4512-8329-7A66C72240BE}.Release|Mixed Platforms.Build.0 = Release|Any CPU
		{FCD362D5-FB59-4512-8329-7A66C72240BE}.Release|x86.ActiveCfg = Release|Any CPU
	EndGlobalSection
	GlobalSection(SolutionProperties) = preSolution
		HideSolutionNode = FALSE
	EndGlobalSection
	GlobalSection(NestedProjects) = preSolution
		{C014856F-781D-48F5-8786-5883E37FF976} = {B8BFEF47-E727-4FBE-815F-A75653D77769}
		{189EFE63-24CA-4325-9E83-F9210DCB197C} = {B8BFEF47-E727-4FBE-815F-A75653D77769}
		{55846938-90C0-473A-8F5A-C93227B001AD} = {B8BFEF47-E727-4FBE-815F-A75653D77769}
		{64779524-F926-4389-89EF-D9EA2CC6700F} = {B8BFEF47-E727-4FBE-815F-A75653D77769}
		{96E25CF0-6608-4245-B103-0877DAD458FF} = {B8BFEF47-E727-4FBE-815F-A75653D77769}
		{4CF202F9-DB51-48FA-8C7D-75D76F6AFA99} = {B8BFEF47-E727-4FBE-815F-A75653D77769}
		{DC1119E3-250F-4921-A7AE-6928C90EF2D7} = {B8BFEF47-E727-4FBE-815F-A75653D77769}
		{B0A66932-98A1-4C16-B5BC-1A414A0EEB85} = {B8BFEF47-E727-4FBE-815F-A75653D77769}
		{5055C884-038C-4BE6-9EB7-3CB54FF354DC} = {B8BFEF47-E727-4FBE-815F-A75653D77769}
		{D43AE348-CD69-45F3-9AA5-07E4FA0BB936} = {BA9C8FFC-8503-4562-8A0D-B8576E9AB7B1}
		{CD02009B-AB42-46F4-97AE-2757DD3F9136} = {BA9C8FFC-8503-4562-8A0D-B8576E9AB7B1}
		{63436BBA-737D-4253-A530-4B0BAFB5405D} = {BA9C8FFC-8503-4562-8A0D-B8576E9AB7B1}
		{A748422C-C404-4827-84BC-CAE9A1471EFD} = {4AEFF6D7-1AB1-48E7-93B2-E3FB6579DF77}
		{5A9E55A8-DD15-4532-A292-65098A9789E0} = {7835C84A-B077-4215-B6C9-8D5C4CB40778}
		{6BBC5E5E-6F86-440D-B4F3-695B26C66989} = {7835C84A-B077-4215-B6C9-8D5C4CB40778}
		{2DC71467-FC25-4207-9621-2611B18C6326} = {7835C84A-B077-4215-B6C9-8D5C4CB40778}
		{6568E276-6834-406A-A926-75FF6789A6B0} = {541EE927-9E1E-4853-BB7F-1F1B4458841D}
		{E2A0C66F-9FC6-4322-A77E-3B6A07994F60} = {541EE927-9E1E-4853-BB7F-1F1B4458841D}
		{7DBED46F-DBB6-49FB-A58A-EF2545E22971} = {541EE927-9E1E-4853-BB7F-1F1B4458841D}
		{B730E41E-E1A9-414D-B755-A71045A94CBA} = {541EE927-9E1E-4853-BB7F-1F1B4458841D}
		{53891775-B486-4A1A-95AC-DB95C2841704} = {5BA29B5D-4274-4844-BCE6-E29534DC4F88}
		{9F6CC007-2AC8-4610-AA28-69C7CF39F24C} = {4CF202F9-DB51-48FA-8C7D-75D76F6AFA99}
		{FCD362D5-FB59-4512-8329-7A66C72240BE} = {B730E41E-E1A9-414D-B755-A71045A94CBA}
	EndGlobalSection
EndGlobal
